
Microsoft Visual Studio Solution File, Format Version 12.00
# Visual Studio Version 16
VisualStudioVersion = 16.0.29613.14
MinimumVisualStudioVersion = 10.0.40219.1
Project("{FAE04EC0-301F-11D3-BF4B-00C04F79EFBC}") = "Kalc_v3", "Kalc_v3.csproj", "{A0C5D550-9587-4879-816B-C8C152C193F8}"
EndProject
Global
	GlobalSection(SolutionConfigurationPlatforms) = preSolution
		Debug|Any CPU = Debug|Any CPU
		Release|Any CPU = Release|Any CPU
	EndGlobalSection
	GlobalSection(ProjectConfigurationPlatforms) = postSolution
		{A0C5D550-9587-4879-816B-C8C152C193F8}.Debug|Any CPU.ActiveCfg = Debug|Any CPU
		{A0C5D550-9587-4879-816B-C8C152C193F8}.Debug|Any CPU.Build.0 = Debug|Any CPU
		{A0C5D550-9587-4879-816B-C8C152C193F8}.Release|Any CPU.ActiveCfg = Release|Any CPU
		{A0C5D550-9587-4879-816B-C8C152C193F8}.Release|Any CPU.Build.0 = Release|Any CPU
	EndGlobalSection
	GlobalSection(SolutionProperties) = preSolution
		HideSolutionNode = FALSE
	EndGlobalSection
	GlobalSection(ExtensibilityGlobals) = postSolution
		SolutionGuid = {E2B8DB8E-471E-4596-9BD9-02B882893C95}
	EndGlobalSection
EndGlobal
